
Microsoft Visual Studio Solution File, Format Version 12.00
# Visual Studio Version 16
VisualStudioVersion = 16.0.31829.152
MinimumVisualStudioVersion = 10.0.40219.1
Project("{FAE04EC0-301F-11D3-BF4B-00C04F79EFBC}") = "Tsk14WpfApp1", "Tsk14WpfApp1\Tsk14WpfApp1.csproj", "{2B585196-7D29-446E-B67F-84BF8E2EC048}"
EndProject
Global
	GlobalSection(SolutionConfigurationPlatforms) = preSolution
		Debug|Any CPU = Debug|Any CPU
		Release|Any CPU = Release|Any CPU
	EndGlobalSection
	GlobalSection(ProjectConfigurationPlatforms) = postSolution
		{2B585196-7D29-446E-B67F-84BF8E2EC048}.Debug|Any CPU.ActiveCfg = Debug|Any CPU
		{2B585196-7D29-446E-B67F-84BF8E2EC048}.Debug|Any CPU.Build.0 = Debug|Any CPU
		{2B585196-7D29-446E-B67F-84BF8E2EC048}.Release|Any CPU.ActiveCfg = Release|Any CPU
		{2B585196-7D29-446E-B67F-84BF8E2EC048}.Release|Any CPU.Build.0 = Release|Any CPU
	EndGlobalSection
	GlobalSection(SolutionProperties) = preSolution
		HideSolutionNode = FALSE
	EndGlobalSection
	GlobalSection(ExtensibilityGlobals) = postSolution
		SolutionGuid = {7F754F5E-069C-4BFB-9B45-83AA64A26B27}
	EndGlobalSection
EndGlobal
